version = 1
revision = 3
requires-python = ">=3.14"

[[package]]
name = "affine"
version = "3.0.1"
source = { registry = "https://pypi.org/simple" }
dependencies = [
    { name = "attrs" },
]
sdist = { url = "https://files.pythonhosted.org/packages/63/e9/4a4480601992a529c5d0f406605f70ca59aeaef4a6f5ba8905cfde217d0b/affine-3.0.1.tar.gz", hash = "sha256:e1b3c38c5d4d3ef5024a182a6d1bf1e0c51ab221825781c741aeb4d0c079a7e2", size = 20981, upload-time = "2026-08-28T18:38:14.452Z" }
wheels = [
    { url = "https://files.pythonhosted.org/packages/3d/87/e62f55c956b583380e7d2a71705dfd431ee32dd1689d50491ba0c610fc11/affine-3.0.1-py3-none-any.whl", hash = "sha256:cda3b303325e7bf2bf34817e68753a0d1c4cacbdd451fe67c4878dc2ecbaa540", size = 10887, upload-time = "2026-08-28T18:38:12.837Z" },
]

[[package]]
name = "attrs"
version = "26.1.0"
source = { registry = "https://pypi.org/simple" }
sdist = { url = "https://files.pythonhosted.org/packages/9a/8e/82a0fe20a541c03148528be8cac2408564a6c9a0cc7e9171802bc1d26985/attrs-26.1.0.tar.gz", hash = "sha256:d03ceb89cb322a8fd706d4fb91940737b6642aa36998fe130a9bc96c985eff32", size = 952055, upload-time = "2026-03-19T14:22:25.026Z" }
wheels = [
    { url = "https://files.pythonhosted.org/packages/64/b4/17d4b0b2a2dc85a6df63d1157e028ed19f90d4cd97c36717afef2bc2f395/attrs-26.1.0-py3-none-any.whl", hash = "sha256:c647aa4a12dfbad9333ca4e71fe62ddc36f4e63b2d260a37a8b83d2f043ac309", size = 67548, upload-time = "2026-03-19T14:22:23.645Z" },
]

[[package]]
name = "certifi"
version = "2026.7.22"
source = { registry = "https://pypi.org/simple" }
sdist = { url = "https://files.pythonhosted.org/packages/a3/c2/24167ea9858356b47a87a50d39908bfdb72ceeefe0041586e704e5376b3a/certifi-2026.7.22.tar.gz", hash = "sha256:741e2c3b351ddf169a738da9f2c048608ff7f2c5cc02f1ebc6b118bb090d5d55", size = 138112, upload-time = "2026-07-22T03:35:12.644Z" }
wheels = [
    { url = "https://files.pythonhosted.org/packages/0b/a7/71ac2cff56fec219ed242bb11b8efb69fcc4bec75db06fb7bfe35de520e6/certifi-2026.7.22-py3-none-any.whl", hash = "sha256:62f22742b58a1a33014a2b6b706588a8d7e2a88ae7bd1a6ebe8c992928483775", size = 136983, upload-time = "2026-07-22T03:35:11.276Z" },
]

[[package]]
name = "click"
version = "8.5.0"
source = { registry = "https://pypi.org/simple" }
sdist = { url = "https://files.pythonhosted.org/packages/c7/0e/7fa0ef50764b67090eca4114772a2abf8b6148198475e54c660b97caeee6/click-8.5.0.tar.gz", hash = "sha256:ba0d2089de75ea0310e2dde03160e6ca10009947fb95a182f9b54021bb272e34", size = 382235, upload-time = "2026-08-26T13:33:14.56Z" }
wheels = [
    { url = "https://files.pythonhosted.org/packages/58/50/6c0d534c5f134586a8e1ba4e330569e32f057e33372ae556463212fb4cd3/click-8.5.0-py3-none-any.whl", hash = "sha256:255bc9599cf7748b4b1a446ccc735421bd08a2ae529a8b88597d3de5664ee360", size = 125251, upload-time = "2026-08-26T13:33:12.928Z" },
]

[[package]]
name = "colorama"
version = "0.4.6"
source = { registry = "https://pypi.org/simple" }
sdist = { url = "https://files.pythonhosted.org/packages/d8/53/6f443c9a4a8358a93a6792e2acffb9d9d5cb0a5cfd8802644b7b1c9a02e4/colorama-0.4.6.tar.gz", hash = "sha256:08695f5cb7ed6e0531a20572697297273c47b8cae5a63ffc6d6ed5c201be6e44", size = 27697, upload-time = "2022-10-25T02:36:22.414Z" }
wheels = [
    { url = "https://files.pythonhosted.org/packages/d1/d6/3965ed04c63042e047cb6a3e6ed1a63a35087b6a609aa3a15ed8ac56c221/colorama-0.4.6-py2.py3-none-any.whl", hash = "sha256:4f1d9991f5acc0ca119f9d443620b77f9d6b33703e51011c16baf57afb285fc6", size = 25335, upload-time = "2022-10-25T02:36:20.889Z" },
]

[[package]]
name = "dem"
version = "0.1.0"
source = { virtual = "." }
dependencies = [
    { name = "numpy" },
    { name = "openpyxl" },
    { name = "pyproj" },
    { name = "rasterio" },
    { name = "shapely" },
    { name = "tqdm" },
]

[package.metadata]
requires-dist = [
    { name = "numpy", specifier = ">=2.5.3" },
    { name = "openpyxl", specifier = ">=3.1.5" },
    { name = "pyproj", specifier = ">=3.8.0" },
    { name = "rasterio", specifier = ">=1.5.1" },
    { name = "shapely", specifier = ">=2.1.2" },
    { name = "tqdm", specifier = ">=4.70.1" },
]

[[package]]
name = "et-xmlfile"
version = "2.0.0"
source = { registry = "https://pypi.org/simple" }
sdist = { url = "https://files.pythonhosted.org/packages/d3/38/af70d7ab1ae9d4da450eeec1fa3918940a5fafb9055e934af8d6eb0c2313/et_xmlfile-2.0.0.tar.gz", hash = "sha256:dab3f4764309081ce75662649be815c4c9081e88f0837825f90fd28317d4da54", size = 17234, upload-time = "2024-10-25T17:25:40.039Z" }
wheels = [
    { url = "https://files.pythonhosted.org/packages/c1/8b/5fe2cc11fee489817272089c4203e679c63b570a5aaeb18d852ae3cbba6a/et_xmlfile-2.0.0-py3-none-any.whl", hash = "sha256:7a91720bc756843502c3b7504c77b8fe44217c85c537d85037f0f536151b2caa", size = 18059, upload-time = "2024-10-25T17:25:39.051Z" },
]

[[package]]
name = "numpy"
version = "2.5.3"
source = { registry = "https://pypi.org/simple" }
sdist = { url = "https://files.pythonhosted.org/packages/13/01/11703282db468b85f6f7b8c7f22d058de5970d5c7e60a3a8aaa313c3de36/numpy-2.5.3.tar.gz", hash = "sha256:df2d5874ff183595a4ba404edd04f6bd9b5505c1d7708573f6a6c17489a67563", size = 20791231, upload-time = "2026-09-06T16:27:47.073Z" }
wheels = [
    { url = "https://files.pythonhosted.org/packages/70/78/cf416f15dc29375a229d9dfebf8db6e313f291580b39fa1a568b6052bb07/numpy-2.5.3-cp314-cp314-macosx_10_15_x86_64.whl", hash = "sha256:350ba9783ce969cf9f7ce6e6a9a58e1a6e2a19ca025b7ee448c4db727706212a", size = 16998686, upload-time = "2026-09-06T16:25:33.171Z" },
    { url = "https://files.pythonhosted.org/packages/9e/59/abcc2d8def4fd60eec7d87f92d27c13448ffd9ab14339bcc63a0d7a2fdea/numpy-2.5.3-cp314-cp314-macosx_11_0_arm64.whl", hash = "sha256:012e66aca395d795496446e52aeeb5866312a5d4d3f27da270e5a0b43f70dc5c", size = 12013862, upload-time = "2026-09-06T16:25:36.748Z" },
    { url = "https://files.pythonhosted.org/packages/94/75/4640d2d6e4b64a049e48425a82728a41ef4adb61332d2cba68055774878b/numpy-2.5.3-cp314-cp314-macosx_14_0_arm64.whl", hash = "sha256:adc1ada2662f8a5f960b8a10d9986897e7499ef07e06d4cfe7197f8cce923c07", size = 5449793, upload-time = "2026-09-06T16:25:39.476Z" },
    { url = "https://files.pythonhosted.org/packages/96/cd/625b57ae33d4ca560f32cc0b47b4a5922146d9beb998ddf773900d440a73/numpy-2.5.3-cp314-cp314-macosx_14_0_x86_64.whl", hash = "sha256:54a115e5a73b8fc44f0cebef486365a1894b5c9760685d4558b72b7c3eb846e0", size = 6785176, upload-time = "2026-09-06T16:25:42.069Z" },
    { url = "https://files.pythonhosted.org/packages/9c/72/12918652e7912ef9751e8694c88820fcd1908e0618cb23f5f3caa6004b7b/numpy-2.5.3-cp314-cp314-manylinux_2_27_aarch64.manylinux_2_28_aarch64.whl", hash = "sha256:be5a8381859b6da607c84f4f7d6847725f1cf1853ef8a2c9e115b7d58bef47dc", size = 15703377, upload-time = "2026-09-06T16:25:45.135Z" },
    { url = "https://files.pythonhosted.org/packages/45/8f/9beacf79ca7c650688ad0baa80931adb988fe6e6e5d5903c23cc3dbd70eb/numpy-2.5.3-cp314-cp314-manylinux_2_27_x86_64.manylinux_2_28_x86_64.whl", hash = "sha256:b0521d0f4aebb6e06189451025fa17a913287b13c03d5fe05c017333b654ea5b", size = 16711928, upload-time = "2026-09-06T16:25:48.461Z" },
    { url = "https://files.pythonhosted.org/packages/09/8d/41d0a56e1ac4c87495c897a211b1368691b7237aadabec8b3b8f3a74d48f/numpy-2.5.3-cp314-cp314-musllinux_1_2_aarch64.whl", hash = "sha256:9deb49575e5b0b94ed72c8a64ec4d033381adc27e9060ae842971f697ba96104", size = 17059507, upload-time = "2026-09-06T16:25:51.873Z" },
    { url = "https://files.pythonhosted.org/packages/08/1e/0dfbc5cc251d54e2af790f254d24ec38637fa97ec7d5d11de7ffed787098/numpy-2.5.3-cp314-cp314-musllinux_1_2_x86_64.whl", hash = "sha256:b00eefbcf0f292945c4b4dec2ae845389ef5bcdcd596e6e4328051db5b5ba694", size = 18471002, upload-time = "2026-09-06T16:25:55.233Z" },
    { url = "https://files.pythonhosted.org/packages/b5/2c/dfa40f6991f8185c8c30ffd023dfcbb11888e823cfab9557b920f3bb7bed/numpy-2.5.3-cp314-cp314-win32.whl", hash = "sha256:c2381f82999704f818e2c987a865050e285ec3621262c66d40f5a96c8f899f8e", size = 6180485, upload-time = "2026-09-06T16:25:58.157Z" },
    { url = "https://files.pythonhosted.org/packages/a4/73/d2c08231e4fde7e415501fd02c715d96e98599b2d8384445933944152984/numpy-2.5.3-cp314-cp314-win_amd64.whl", hash = "sha256:2c25dfa72943e4336ddb6b0ee4277b47a0c85bede0807530ec68103bf58e2c10", size = 12698179, upload-time = "2026-09-06T16:26:00.789Z" },
    { url = "https://files.pythonhosted.org/packages/5c/e9/dcdcc9b95cf5f49815055573aee1b11cfbf5299f38a180e437ded050810f/numpy-2.5.3-cp314-cp314-win_arm64.whl", hash = "sha256:15aa985ac73a8db02db7663381aa109510449d3819d37206caed27b33a65a8a6", size = 10769383, upload-time = "2026-09-06T16:26:04.011Z" },
    { url = "https://files.pythonhosted.org/packages/49/c4/af8bc08a7ef4e1529a7c0cf24969accce316b783999802089a581ec99272/numpy-2.5.3-cp314-cp314t-macosx_11_0_arm64.whl", hash = "sha256:ac7bb1c52d445bd4f8f7f97fefe6abc3a084dc4d63df50d79b17fa2b78e89297", size = 12132668, upload-time = "2026-09-06T16:26:07.138Z" },
    { url = "https://files.pythonhosted.org/packages/c5/ae/0f15eb56d4ec5e13c1f7ff04ff407f997d1acbadb45d3e1f2e2645a8f43c/numpy-2.5.3-cp314-cp314t-macosx_14_0_arm64.whl", hash = "sha256:e6ab667ba76450084eb64013762c438ea76d9d29cc676dcd6c2e9892ba37f841", size = 5568580, upload-time = "2026-09-06T16:26:09.828Z" },
    { url = "https://files.pythonhosted.org/packages/23/fb/c72a8f25d4b6e96c354e7ab45ace3b27dc11e5d6a13b6c7d0cd6b08bf112/numpy-2.5.3-cp314-cp314t-macosx_14_0_x86_64.whl", hash = "sha256:f7fabeb6cea87d65f3b926de33d03fb016cfdc29314c90974383b5582ae72891", size = 6882634, upload-time = "2026-09-06T16:26:12.524Z" },
    { url = "https://files.pythonhosted.org/packages/07/a9/968c90ed2ab15060c338e8137f1215b5a60756ae07328e0a60d1c6734df4/numpy-2.5.3-cp314-cp314t-manylinux_2_27_aarch64.manylinux_2_28_aarch64.whl", hash = "sha256:1fb6f8fb9ff0b3a69f52c66ce397b0246583e9f28616231b0e32ca49259a5fa6", size = 15748923, upload-time = "2026-09-06T16:26:15.092Z" },
    { url = "https://files.pythonhosted.org/packages/59/08/9df04103947b95e3b6b1f2ed1a70521f325647a31b82da6a2aae3a485508/numpy-2.5.3-cp314-cp314t-manylinux_2_27_x86_64.manylinux_2_28_x86_64.whl", hash = "sha256:93e1f5447e2b1e479d7bd74701e84746b86450cff1fc368b132d195e2b8f8211", size = 16746748, upload-time = "2026-09-06T16:26:18.43Z" },
    { url = "https://files.pythonhosted.org/packages/41/a0/14c8d5fe5b53a334aabb653deb391c0fef49558f491880ea300ed6785224/numpy-2.5.3-cp314-cp314t-musllinux_1_2_aarch64.whl", hash = "sha256:c00abe94c1a69d75d827dcf1c025b25c8a45d230b3bcd77a9020883a1b047653", size = 17111561, upload-time = "2026-09-06T16:26:22.113Z" },
    { url = "https://files.pythonhosted.org/packages/c4/a6/d7e96e42f01522e154c32489640f16dfc4f6181d165d05fc3bec8c2c4999/numpy-2.5.3-cp314-cp314t-musllinux_1_2_x86_64.whl", hash = "sha256:536f963710a4e63934d80ac0dc4f478804a83e9a84b6828018f25d09953ada33", size = 18513945, upload-time = "2026-09-06T16:26:25.401Z" },
    { url = "https://files.pythonhosted.org/packages/25/39/3453afb7119d0449ef11c886874120ff180e2c337760e0e2d88f70f1a945/numpy-2.5.3-cp314-cp314t-win32.whl", hash = "sha256:4c8a6d2ebce6305fd82fbefca827775437147052a976ee7c94b36a0c1b52ac6c", size = 6335421, upload-time = "2026-09-06T16:26:28.175Z" },
    { url = "https://files.pythonhosted.org/packages/99/01/22815d2b19a1a746b1d45205cffebb3fe511a18acb75fba6c88491fc9894/numpy-2.5.3-cp314-cp314t-win_amd64.whl", hash = "sha256:9a37475425b431b4d060f23b4f52cd2f3aef6bc7c654bd760adf0040eec9d435", size = 12896420, upload-time = "2026-09-06T16:26:31.265Z" },
    { url = "https://files.pythonhosted.org/packages/fa/ee/a7cbba67eeaff038dc29ca8b98a88396c8b0cc9c89d4924f4a27a5c9150b/numpy-2.5.3-cp314-cp314t-win_arm64.whl", hash = "sha256:2d8240cb4c16fd831074aa2b2cf9fc54664d826341d61c372245b96a74a49a9a", size = 10857177, upload-time = "2026-09-06T16:26:34.167Z" },
    { url = "https://files.pythonhosted.org/packages/45/56/78194492883ff5eec90423fe56a3a44b154da047d88a6307f629713c584f/numpy-2.5.3-cp315-cp315-macosx_10_15_x86_64.whl", hash = "sha256:a6391fafaba97500887132cd582abc6e19452b1ac775a47caa7b24490e152058", size = 16996531, upload-time = "2026-09-06T16:26:37.287Z" },
    { url = "https://files.pythonhosted.org/packages/11/39/dd55c0af90bbab564b09ae3b0aa60ec5c02b900fa4f1ba23440525c8b32d/numpy-2.5.3-cp315-cp315-macosx_11_0_arm64.whl", hash = "sha256:09d5a423c71ad5feb5625844ad58050e35df43871004b52ac9c0ad44a56775be", size = 12012569, upload-time = "2026-09-06T16:26:40.707Z" },
    { url = "https://files.pythonhosted.org/packages/b6/51/04f67d32e4862b281b1cb84ceeaed3421189a84fb6fb51a391cd6d5009f7/numpy-2.5.3-cp315-cp315-macosx_14_0_arm64.whl", hash = "sha256:f9579f383d1bf9df80081e72760e84960a7fd4f88cf0c9e535a8597c9bb646f5", size = 5448498, upload-time = "2026-09-06T16:26:43.435Z" },
    { url = "https://files.pythonhosted.org/packages/a3/c9/25b4dc0dd1344ec26c7319e84fd4e9809d2b5628f4e12decd618036e5178/numpy-2.5.3-cp315-cp315-macosx_14_0_x86_64.whl", hash = "sha256:86bff898a431c0fb71f7610b75726e75a54d47b37edc9d537f48de63bb3c0b90", size = 6783026, upload-time = "2026-09-06T16:26:46.374Z" },
    { url = "https://files.pythonhosted.org/packages/fc/c7/29285be1e5232a6e7ee3268a33c85843f5a8ee93350c6465cddd66ebbf76/numpy-2.5.3-cp315-cp315-manylinux_2_27_aarch64.manylinux_2_28_aarch64.whl", hash = "sha256:1f3ed25271581281f2fccb1adcedfcde4c07362eec69189b50baf6f90e3ae159", size = 15697322, upload-time = "2026-09-06T16:26:49.415Z" },
    { url = "https://files.pythonhosted.org/packages/55/49/bbad5335fb4996a16881f853ff3e0ba582f01720e55c89b1c06b8fc42a90/numpy-2.5.3-cp315-cp315-manylinux_2_27_x86_64.manylinux_2_28_x86_64.whl", hash = "sha256:ffdc76bfcae6b255dff75202c5e7feaf95b40246bc0a17944facc1fecf9f79ab", size = 16708995, upload-time = "2026-09-06T16:26:53.127Z" },
    { url = "https://files.pythonhosted.org/packages/ef/e9/1df35483760b04a65ea44669f89dc64f30e5aca098b48ceb8b1310b0e0fe/numpy-2.5.3-cp315-cp315-musllinux_1_2_aarch64.whl", hash = "sha256:116f96cadd935c6122e9228d676fe7ede19e741f5c8bb1c3cddbe0c51ccebea2", size = 17052508, upload-time = "2026-09-06T16:26:56.464Z" },
    { url = "https://files.pythonhosted.org/packages/b8/99/66e54da8265cc8be8a7382bf96edce17aaa2837d6f484432025932a3caa5/numpy-2.5.3-cp315-cp315-musllinux_1_2_x86_64.whl", hash = "sha256:09ffa5d903faeaa5c4dd05009cf81c8bab9f2cb37c548b8d39b65b4cfa7c97f7", size = 18468224, upload-time = "2026-09-06T16:26:59.966Z" },
    { url = "https://files.pythonhosted.org/packages/01/bc/b5e90a91c115168d793dfd2ad9c69c438c2fe7a13a437e770bc5b078e732/numpy-2.5.3-cp315-cp315-win32.whl", hash = "sha256:e01c918ac3d48e18a927cf7b14a26a3e29ff2bdf2eacb976da0aecd6a43ed034", size = 6179919, upload-time = "2026-09-06T16:27:03.166Z" },
    { url = "https://files.pythonhosted.org/packages/37/ea/780748fd3985109075514ef8fc64cd25f943e40dde13a6d59141eb268fc8/numpy-2.5.3-cp315-cp315-win_amd64.whl", hash = "sha256:e931e4f499e0dc7ef29d269a8e5b35dd722e5d14be07df6240166ea7c6532fae", size = 12697656, upload-time = "2026-09-06T16:27:06.153Z" },
    { url = "https://files.pythonhosted.org/packages/b3/16/407be69a2a87c8cab64d95975a8977a426a29e138f07e276ec258f0fe4e5/numpy-2.5.3-cp315-cp315-win_arm64.whl", hash = "sha256:26e15e4aecd8617dfbaecb37d223e365d7b39411fba20454be2670a96aa74cb5", size = 10767601, upload-time = "2026-09-06T16:27:09.297Z" },
    { url = "https://files.pythonhosted.org/packages/44/bf/a97ffb01e41d50a32a9177aef942a4d0e389a3daf451d04e5f38ef6afb87/numpy-2.5.3-cp315-cp315t-macosx_10_15_x86_64.whl", hash = "sha256:6cef4bb1706dfec49243c05d921eefb4e190d41e2528b30d8035ea1f36b4c24a", size = 17090092, upload-time = "2026-09-06T16:27:12.907Z" },
    { url = "https://files.pythonhosted.org/packages/d1/24/136c02f2c2af9a067a84d0c3aa10c99012c0476fa5066732fa4a4202557d/numpy-2.5.3-cp315-cp315t-macosx_11_0_arm64.whl", hash = "sha256:d1c89973648c85069c5046ad460f7b8a00218b29a2e42359ac8cc63e9ab94832", size = 12129429, upload-time = "2026-09-06T16:27:16.089Z" },
    { url = "https://files.pythonhosted.org/packages/fe/6c/b47582d6597789bf946d5efbeb6b9e56fd8bcbd5efc6fbf51dbe1ea31eb3/numpy-2.5.3-cp315-cp315t-macosx_14_0_arm64.whl", hash = "sha256:214045a5bf00113a146ab9ee9730c44501af6723cdf1f6830932f7b5ef2e7af0", size = 5565452, upload-time = "2026-09-06T16:27:19.868Z" },
    { url = "https://files.pythonhosted.org/packages/be/b4/ef3cc6da73774202d4deae16bb321fd8298a4e0561e3539f8c4be237d916/numpy-2.5.3-cp315-cp315t-macosx_14_0_x86_64.whl", hash = "sha256:8617bbfae4486cf99c9f899966699428d19da931d06ca94ad3da986c76e15997", size = 6876736, upload-time = "2026-09-06T16:27:22.232Z" },
    { url = "https://files.pythonhosted.org/packages/9e/24/e3813329498596cb842703dcacac1741612ed9fb9c4e6a3e0c7e2ebbc597/numpy-2.5.3-cp315-cp315t-manylinux_2_27_aarch64.manylinux_2_28_aarch64.whl", hash = "sha256:595d020938c84e320bcf40ad71089e108eac0d377cd018e14a8c094f39e98d85", size = 15745777, upload-time = "2026-09-06T16:27:25.181Z" },
    { url = "https://files.pythonhosted.org/packages/4a/9e/4e7a07fd0776dc2210cdacf2010be8665194d094defc10c419d7dea794cc/numpy-2.5.3-cp315-cp315t-manylinux_2_27_x86_64.manylinux_2_28_x86_64.whl", hash = "sha256:6f24021b9f22bc6301c37b196974a92c1c18dccedb6fef3dd252e95f2d6adbe4", size = 16746949, upload-time = "2026-09-06T16:27:28.576Z" },
    { url = "https://files.pythonhosted.org/packages/91/db/01674c0e20335057813a00c2ebd546ed25bff9ed7914f9bced00f8c55d94/numpy-2.5.3-cp315-cp315t-musllinux_1_2_aarch64.whl", hash = "sha256:71b39d9f935b6ec0f8753e3e2afb51e3efba6f2e05b68b32a40754d24bcd4a3c", size = 17108994, upload-time = "2026-09-06T16:27:31.946Z" },
    { url = "https://files.pythonhosted.org/packages/45/7a/584c5e71f8d378e57cac0b033891ed65c683ef90573ba4854e8c28203db0/numpy-2.5.3-cp315-cp315t-musllinux_1_2_x86_64.whl", hash = "sha256:6b05c171afb3aa07adbd20abc00aea86fe375beb0fdb9ef780ec5b7f63bab1c0", size = 18512266, upload-time = "2026-09-06T16:27:35.196Z" },
    { url = "https://files.pythonhosted.org/packages/a1/d2/4e1014173aa3c55e6a756e0e567290743a6ab33a288460374d7ef6bcd239/numpy-2.5.3-cp315-cp315t-win32.whl", hash = "sha256:f54660b0eb6b0b9f36e7fe1cdfdff472028dd0d14acd9b9b65098efbad059469", size = 6330292, upload-time = "2026-09-06T16:27:38.149Z" },
    { url = "https://files.pythonhosted.org/packages/6c/b0/ff5658a58199b7bcaad87bf260eef6713d9d42cca4e028f935b4fc5fbac6/numpy-2.5.3-cp315-cp315t-win_amd64.whl", hash = "sha256:1aad64d99730d013cfc6debafed22783b4fc5a7f4b8bc744d2d8cf7dcc880551", size = 12884918, upload-time = "2026-09-06T16:27:40.965Z" },
    { url = "https://files.pythonhosted.org/packages/fb/0b/b12a2df5d1b774bd9007a6fdff9381145b6223d37f11afc9c37ab0efd9a1/numpy-2.5.3-cp315-cp315t-win_arm64.whl", hash = "sha256:befa1ae5bd6030b3f512b43ff3fa5290bbed6b84411a44244b14adf835f5b89d", size = 10850807, upload-time = "2026-09-06T16:27:43.868Z" },
]

[[package]]
name = "openpyxl"
version = "3.1.5"
source = { registry = "https://pypi.org/simple" }
dependencies = [
    { name = "et-xmlfile" },
]
sdist = { url = "https://files.pythonhosted.org/packages/3d/f9/88d94a75de065ea32619465d2f77b29a0469500e99012523b91cc4141cd1/openpyxl-3.1.5.tar.gz", hash = "sha256:cf0e3cf56142039133628b5acffe8ef0c12bc902d2aadd3e0fe5878dc08d1050", size = 186464, upload-time = "2024-06-28T14:03:44.161Z" }
wheels = [
    { url = "https://files.pythonhosted.org/packages/c0/da/977ded879c29cbd04de313843e76868e6e13408a94ed6b987245dc7c8506/openpyxl-3.1.5-py2.py3-none-any.whl", hash = "sha256:5282c12b107bffeef825f4617dc029afaf41d0ea60823bbb665ef3079dc79de2", size = 250910, upload-time = "2024-06-28T14:03:41.161Z" },
]

[[package]]
name = "pyparsing"
version = "3.3.3"
source = { registry = "https://pypi.org/simple" }
sdist = { url = "https://files.pythonhosted.org/packages/e4/11/b213bebff182584360cb8d17c72c1677fec5c5c228de439e63bcf8ab1c8f/pyparsing-3.3.3.tar.gz", hash = "sha256:928ae7e20211f3b6f3915a72f06a0cfd29ab9d24279dd6346b6b1a7146397d36", size = 1050487, upload-time = "2026-09-20T20:59:05.609Z" }
wheels = [
    { url = "https://files.pythonhosted.org/packages/38/bb/d215ee7c73b61497b28a5503f9f53523f294fcc936762b7caf90e0c1c2b5/pyparsing-3.3.3-py3-none-any.whl", hash = "sha256:ece8c00a69cf01b45d0b1dedabb469c90d8caf996d4fda40f147627a122849a4", size = 126420, upload-time = "2026-09-20T20:59:04.025Z" },
]

[[package]]
name = "pyproj"
version = "3.8.0"
source = { registry = "https://pypi.org/simple" }
dependencies = [
    { name = "certifi" },
]
sdist = { url = "https://files.pythonhosted.org/packages/c8/29/6598570c90cbfc84ddefc3ccac4aa412bf51a527d72c74cc4fe64a5e6f24/pyproj-3.8.0.tar.gz", hash = "sha256:efa59725bba68bf97fa808b61302df32934acdceb6a5c92a8dd0e71dc266a876", size = 242018, upload-time = "2026-09-05T20:05:09.353Z" }
wheels = [
    { url = "https://files.pythonhosted.org/packages/1f/f0/9eb71bd1a38680e0bed2dafc7bb86893944c389fc4d1e4861411f9bc00a3/pyproj-3.8.0-cp314-cp314-macosx_14_0_arm64.whl", hash = "sha256:ad96cf05cfea67e54c16b2119b29ea60ba3b3562643ed3e8a0ce0ecc55efb50e", size = 4991052, upload-time = "2026-09-05T20:03:49.004Z" },
    { url = "https://files.pythonhosted.org/packages/fa/be/9c9839d8a95b57d6fea342802073886ce58a64b7f6e8f8d58054f2c245a8/pyproj-3.8.0-cp314-cp314-macosx_15_0_x86_64.whl", hash = "sha256:45d3abdf17a26396f86d353b957323d53e5fc9d9558bed311ae3b1bf6665448d", size = 6098992, upload-time = "2026-09-05T20:03:50.961Z" },
    { url = "https://files.pythonhosted.org/packages/81/f5/3dd3d75c124a12a9fb69f607a8c9d3af15439c78d57f0dc8d30edac3342e/pyproj-3.8.0-cp314-cp314-manylinux_2_28_aarch64.whl", hash = "sha256:0b3ba65286a1ea401ca51fd35f2bd375f26fd29d517d5ee980159f9f739b2109", size = 10047009, upload-time = "2026-09-05T20:03:52.921Z" },
    { url = "https://files.pythonhosted.org/packages/15/7e/ccee7d6b307bb635b47dbd96eb3471c3a7d6053b8f903723756f8a3ba00a/pyproj-3.8.0-cp314-cp314-manylinux_2_28_x86_64.whl", hash = "sha256:8cff207c2a92235f79bb2caab29790e1743776e02331143bc5de4224bd695911", size = 9942031, upload-time = "2026-09-05T20:03:55.327Z" },
    { url = "https://files.pythonhosted.org/packages/2b/1d/48a2f7d3242da15a75f6ef3ec33ebb250c4218735ac1ca0144e8fef7274c/pyproj-3.8.0-cp314-cp314-musllinux_1_2_aarch64.whl", hash = "sha256:c9a4e37ce375a87a407e8771475680b757903be59cd41b29e60f90bd56fa6b65", size = 11438119, upload-time = "2026-09-05T20:03:57.875Z" },
    { url = "https://files.pythonhosted.org/packages/c6/f7/4118e918180a6edc9267c2d7635167f96bd3c7fa634442b92cb7210a8298/pyproj-3.8.0-cp314-cp314-musllinux_1_2_x86_64.whl", hash = "sha256:ba53cff2c6e768f1b84844ff621291c5ab89ac8875bd8036ab6065aaf58cdbd9", size = 11408758, upload-time = "2026-09-05T20:04:00.587Z" },
    { url = "https://files.pythonhosted.org/packages/12/80/7b2aa0703cfd676a8c8545286cc58ea62ca647c60059c185f0ba484a6a92/pyproj-3.8.0-cp314-cp314-win32.whl", hash = "sha256:dba62da116d92a724723b6e206d792993486458369f65db2381f43564d0d2984", size = 6405456, upload-time = "2026-09-05T20:04:02.92Z" },
    { url = "https://files.pythonhosted.org/packages/f9/26/058eaa656d4e4c43a2528b51a39f6d4b3082e6eb38731ddab4088a744bc1/pyproj-3.8.0-cp314-cp314-win_amd64.whl", hash = "sha256:653b49e2d5aa87c22c1c32520700ed8f394583a0174a6e69ceb280bdbee1b4e6", size = 6856493, upload-time = "2026-09-05T20:04:05.836Z" },
    { url = "https://files.pythonhosted.org/packages/a5/41/8c7c837c863611745e4ad6d30ef2f64838ac7dd77532934120abb4e280f4/pyproj-3.8.0-cp314-cp314-win_arm64.whl", hash = "sha256:c211c35bd8bbf6693fd2787bf8cb15bbac6fbdbad4f6495e9baf53e84923b1a8", size = 6815331, upload-time = "2026-09-05T20:04:08.149Z" },
    { url = "https://files.pythonhosted.org/packages/29/2a/c187159cdd3c0d77a47008b67848433c7663f6f330fdda31d33994525ba6/pyproj-3.8.0-cp314-cp314t-macosx_14_0_arm64.whl", hash = "sha256:e2129d03506414ff22fa4bc2541100ce3bfd9b6d1d9af805e77631aae04b866b", size = 5034204, upload-time = "2026-09-05T20:04:09.811Z" },
    { url = "https://files.pythonhosted.org/packages/5a/3a/33a116141601104596f8d13fb8475124fffc0b79eba7dea607eed7d479ad/pyproj-3.8.0-cp314-cp314t-macosx_15_0_x86_64.whl", hash = "sha256:1271c631c28c1d646c1e0b890bd691d1c4b736f9745a9d8a00f750fefd77de9c", size = 6124713, upload-time = "2026-09-05T20:04:11.517Z" },
    { url = "https://files.pythonhosted.org/packages/d4/42/c95c4a06f59271be31b893ddc9b55e3a2c0a577ab6a1204bd4047a3a2898/pyproj-3.8.0-cp314-cp314t-manylinux_2_28_aarch64.whl", hash = "sha256:a510721719b9e3f5964ad8235e3530bdd82a38093266ad037ee08f71fb9995e9", size = 10326257, upload-time = "2026-09-05T20:04:13.682Z" },
    { url = "https://files.pythonhosted.org/packages/2e/ef/a23a52a64fd8669a3bb65e6af754f60b3622f30cfd86092007baec3afcdd/pyproj-3.8.0-cp314-cp314t-manylinux_2_28_x86_64.whl", hash = "sha256:faa68c0996bdd3fd997d86c676e758b72a96209ab14b7c5e8b8dcf3b23f85881", size = 10127655, upload-time = "2026-09-05T20:04:16.52Z" },
    { url = "https://files.pythonhosted.org/packages/de/d5/7ce0841f952c44daff8673636e112e07320dcf19d34cb02b830619eafcfd/pyproj-3.8.0-cp314-cp314t-musllinux_1_2_aarch64.whl", hash = "sha256:fe26eb69e78f8b8d30ee67a6a6cfc172dd6085bc2c164a7143568138cb3a5a39", size = 11645798, upload-time = "2026-09-05T20:04:19.251Z" },
    { url = "https://files.pythonhosted.org/packages/e7/23/f921f08d883431d69486e18c127a4b5ad5d4d47ebc530e89ec49faa9e962/pyproj-3.8.0-cp314-cp314t-musllinux_1_2_x86_64.whl", hash = "sha256:2da8c0be5660e4f261bf1e63c1d51a8c503947af1c0a330e15e5cddec7ef1e5c", size = 11569070, upload-time = "2026-09-05T20:04:22.142Z" },
    { url = "https://files.pythonhosted.org/packages/ba/b1/e1a20545949c2dc13c6dfc80593f07c1ba32eb6d5f7134732eb1306c5540/pyproj-3.8.0-cp314-cp314t-win32.whl", hash = "sha256:cb38a247201b26be0a2513262e0014847fba6a28400a921d26f6d23db924e345", size = 6475514, upload-time = "2026-09-05T20:04:24.428Z" },
    { url = "https://files.pythonhosted.org/packages/af/46/b3def124148728753a60e8ce3123aed8fec135fd050304c8aa9917aeeeae/pyproj-3.8.0-cp314-cp314t-win_amd64.whl", hash = "sha256:cd047cfb04e451b95ff8b91f824e641a54944fbf64dfef7946e4e8bad6f3f752", size = 6946924, upload-time = "2026-09-05T20:04:26.276Z" },
    { url = "https://files.pythonhosted.org/packages/66/24/c6b0cd6cb625ebc07aeea9bccca5802d9685ee178e9da8c03baadc035f2e/pyproj-3.8.0-cp314-cp314t-win_arm64.whl", hash = "sha256:a02db72ac71f36d4da337e43e98f59ec216613d1bbc2aa1543a9488f3a2a17cc", size = 6847919, upload-time = "2026-09-05T20:04:28.301Z" },
    { url = "https://files.pythonhosted.org/packages/51/00/2c47781ba80bfbeec612815eee45f7b08c4727d4da4d7853981338ff38d1/pyproj-3.8.0-cp315-cp315-macosx_14_0_arm64.whl", hash = "sha256:54750d95c7aa1cbe78ec7be522ceef9b82b8f6f185d26ca413995a953bf8f1e8", size = 4990032, upload-time = "2026-09-05T20:04:30.104Z" },
    { url = "https://files.pythonhosted.org/packages/ba/5a/d8fb1ceb8044bcacfbe1af15169c5674748228c6f6aa8d036399ecfe856f/pyproj-3.8.0-cp315-cp315-macosx_15_0_x86_64.whl", hash = "sha256:dd5bc46f443466cf18418290ef6b69b604b706b24adf84f2ea1d32e58a2f7209", size = 6097707, upload-time = "2026-09-05T20:04:32.346Z" },
    { url = "https://files.pythonhosted.org/packages/a2/24/0a5d3900c001f23d220ae4babd375f17667a505981be573c270c9952bb8f/pyproj-3.8.0-cp315-cp315-manylinux_2_28_aarch64.whl", hash = "sha256:f6e7aa6b2da0c7ae6b6185cb9769bf2f941c5f9cd0c246e98e04fc6751621eac", size = 10052422, upload-time = "2026-09-05T20:04:34.365Z" },
    { url = "https://files.pythonhosted.org/packages/81/68/3cdb0bc8eb5e30e21e2fadbf090c2a92cb92b92175fe9b76d2c74351cc6f/pyproj-3.8.0-cp315-cp315-manylinux_2_28_x86_64.whl", hash = "sha256:0fb11c0d6a7caa396275012a9bda461ddf2d209cf6edfe53c477fb9c71778672", size = 9950482, upload-time = "2026-09-05T20:04:36.814Z" },
    { url = "https://files.pythonhosted.org/packages/b1/b7/d08c09c7d10aacd7705ef71b8fa8e0aed5b625b3f410038d7a198a81fd48/pyproj-3.8.0-cp315-cp315-musllinux_1_2_aarch64.whl", hash = "sha256:ea85d85e71d03d9b26d3bab78384226ebcfa71ac61bc25fcca5f50a144003575", size = 11443699, upload-time = "2026-09-05T20:04:39.324Z" },
    { url = "https://files.pythonhosted.org/packages/84/12/c24538a68b5d8ec33e1a2fe4d1dc309108bcfbd9991e976e1a8933063500/pyproj-3.8.0-cp315-cp315-musllinux_1_2_x86_64.whl", hash = "sha256:ba88a9b5bfb39a141361e6ccc2a06136383ea2757fbfe3e6df2dd1133ad55304", size = 11410580, upload-time = "2026-09-05T20:04:41.739Z" },
    { url = "https://files.pythonhosted.org/packages/55/13/5bbb11d7d84d4d90b7a5c32c7b48dfaf49a00b04cc1572a92a68e06ae80f/pyproj-3.8.0-cp315-cp315-win32.whl", hash = "sha256:d3a37e54316ebb90f5740aed4728f43cb563109dd4ef610d0a1bc7238666d2a2", size = 6405053, upload-time = "2026-09-05T20:04:43.921Z" },
    { url = "https://files.pythonhosted.org/packages/de/f3/93daa94374eae77a188558cb20b159645eae4fb812fcadd066fc4935d018/pyproj-3.8.0-cp315-cp315-win_amd64.whl", hash = "sha256:d752eaaae639719abdb4d357008b4311c0931977f4ea0f019e79e4176ab243a7", size = 6856131, upload-time = "2026-09-05T20:04:45.619Z" },
    { url = "https://files.pythonhosted.org/packages/78/ce/69d83ccaf270916392e4625fad611e0a72a8fca8287db015f67787c193a5/pyproj-3.8.0-cp315-cp315-win_arm64.whl", hash = "sha256:dde9f238bb08f961c040ce7c6202ad5b841b508ece76eacfd8e18bc202778de7", size = 6815088, upload-time = "2026-09-05T20:04:47.339Z" },
    { url = "https://files.pythonhosted.org/packages/c2/f7/8efd72b1c73377fa41bd161b20a257b33a8497a0fcc1d2073c743622717c/pyproj-3.8.0-cp315-cp315t-macosx_14_0_arm64.whl", hash = "sha256:d31e9ddbd0ffcb65fcd902ab726b26741c9a8e8b90b60844596fd5b67030b39c", size = 5028580, upload-time = "2026-09-05T20:04:49.337Z" },
    { url = "https://files.pythonhosted.org/packages/12/17/9785c98b37e99fe2d67118198b9c379c0883d4b215b1dd1594cd98dc12c7/pyproj-3.8.0-cp315-cp315t-macosx_15_0_x86_64.whl", hash = "sha256:19db3f429013d20d31cfc56b2db44246fe5c33514b320eaef09f71f1762836bb", size = 6118988, upload-time = "2026-09-05T20:04:51.566Z" },
    { url = "https://files.pythonhosted.org/packages/eb/d2/ecfbd0c96dbf1370c4f8931dcee451620e08eb77c1f288b262ee2d962217/pyproj-3.8.0-cp315-cp315t-manylinux_2_28_aarch64.whl", hash = "sha256:f0540dea10339be8bb9f90c95685607b262547c53fa7645eef010965b80c4a90", size = 10316986, upload-time = "2026-09-05T20:04:53.498Z" },
    { url = "https://files.pythonhosted.org/packages/f5/c8/6783f31b178506a8faf55eb4e2f0007c281251a0303d59aa0c9ce9a85a80/pyproj-3.8.0-cp315-cp315t-manylinux_2_28_x86_64.whl", hash = "sha256:1074ab4aac836cb0e211fcf0e36dda7d51126c7ce15062ed9007164c6ae93183", size = 10128479, upload-time = "2026-09-05T20:04:56.441Z" },
    { url = "https://files.pythonhosted.org/packages/fc/03/212cb8445d84d20bca10b9c02516e99793a9b3d645e30892ca343499e9be/pyproj-3.8.0-cp315-cp315t-musllinux_1_2_aarch64.whl", hash = "sha256:c6da4fedc9b86970cca828b871b3fcbf8f9ad2da353b0669445fd8c03c89a9f7", size = 11641773, upload-time = "2026-09-05T20:04:59.129Z" },
    { url = "https://files.pythonhosted.org/packages/5c/fe/7a390eeb54cf3294d23dd6b03435485b4b28e1e6ca9217ce1e0c1941fe1e/pyproj-3.8.0-cp315-cp315t-musllinux_1_2_x86_64.whl", hash = "sha256:79e222f6f8486d0af3ebc5544edecebf396492e38f46500f668c6c389a20e4df", size = 11562250, upload-time = "2026-09-05T20:05:01.817Z" },
    { url = "https://files.pythonhosted.org/packages/ed/7a/faad58c948947b217fcf06f80d308fff27bab5730ad6c9cd4c35bcf8bc90/pyproj-3.8.0-cp315-cp315t-win32.whl", hash = "sha256:0ff22ad49d1f59e18a57384926aabcb0ee8bbe9213e5abe375fd18b1b6ace194", size = 6471511, upload-time = "2026-09-05T20:05:04.113Z" },
    { url = "https://files.pythonhosted.org/packages/cf/a8/5ed4f4042031e13a0fede12e81af1e4143102221c373f966a24f38b0d284/pyproj-3.8.0-cp315-cp315t-win_amd64.whl", hash = "sha256:d5a408b215ef98c9ae19e58ec512360b8ad9b25f8792138f983a58d159ac7157", size = 6940114, upload-time = "2026-09-05T20:05:05.737Z" },
    { url = "https://files.pythonhosted.org/packages/12/14/9c291ad92b565629cf4eacee72cbc8071ca8d93c9d719b47f304b1b2ea76/pyproj-3.8.0-cp315-cp315t-win_arm64.whl", hash = "sha256:bbf8a786ebfa9a904802dfde0e95e1325df8efbb573a19686c1937499a8f04e8", size = 6843958, upload-time = "2026-09-05T20:05:07.527Z" },
]

[[package]]
name = "rasterio"
version = "1.5.1"
source = { registry = "https://pypi.org/simple" }
dependencies = [
    { name = "affine" },
    { name = "attrs" },
    { name = "certifi" },
    { name = "click" },
    { name = "numpy" },
    { name = "pyparsing" },
]
sdist = { url = "https://files.pythonhosted.org/packages/1d/1a/ee73b447f1623a6bb6490af08d4bbed3fb6e38b0adc54553a0d244d4103a/rasterio-1.5.1.tar.gz", hash = "sha256:c1b6ae15f4ccad704f1fe8417da5c2250145c7bcdb91acb53833bf5aefdd9e48", size = 457868, upload-time = "2026-08-08T02:45:15.844Z" }
wheels = [
    { url = "https://files.pythonhosted.org/packages/16/ae/90778e26e8c85f8187feeb1b86d789381e5715f005074846ee5568115a00/rasterio-1.5.1-cp314-cp314-macosx_14_0_arm64.whl", hash = "sha256:c8702772d6e91c0578d84af88de7d4926c48b0b6eca33d0660e90d7f37c06bf1", size = 23240236, upload-time = "2026-08-08T02:35:47.185Z" },
    { url = "https://files.pythonhosted.org/packages/e7/3e/27c957e788913445266728e9a81deb3a91fd5b8dff5bc9dd8281b3cceb18/rasterio-1.5.1-cp314-cp314-macosx_15_0_x86_64.whl", hash = "sha256:d8064e9b2820c3f1027399f410d8cdbfb57bdedfad46e5381afb527a9b6f74a2", size = 24951609, upload-time = "2026-08-08T02:34:39.468Z" },
    { url = "https://files.pythonhosted.org/packages/ec/bb/6ca85602f26f55e0b673af34eb458f041f222673549ce6b54f93ba9707b5/rasterio-1.5.1-cp314-cp314-manylinux_2_28_aarch64.whl", hash = "sha256:ee01dc4b114a21078af87da916816c6c62ba5b5d216725f148ae695ef4deebf2", size = 36811929, upload-time = "2026-08-08T02:36:43.183Z" },
    { url = "https://files.pythonhosted.org/packages/1a/4a/d691dfcbf3692ee2f57bc9fa7de61b03fca136cff1927ce08ab72bf4beab/rasterio-1.5.1-cp314-cp314-manylinux_2_28_x86_64.whl", hash = "sha256:5ff9db698a88e716254fb0788768f75d7b58532c8253674261fa05abd40f621e", size = 38176919, upload-time = "2026-08-08T02:33:03.729Z" },
    { url = "https://files.pythonhosted.org/packages/f6/82/cc05ee6ae639801f79c35667bf0b1b163819625483b3231fb70858c1155f/rasterio-1.5.1-cp314-cp314-win_amd64.whl", hash = "sha256:546ca44c4417772a48c5224b037f10330a75cde74b429f07ac43838e20f9b2c9", size = 31446190, upload-time = "2026-08-08T02:38:01.855Z" },
    { url = "https://files.pythonhosted.org/packages/1b/fd/07c25fe92cf9a9e7095f396291dbc48186f17f3320119ccd1d5d8cc91fe9/rasterio-1.5.1-cp314-cp314-win_arm64.whl", hash = "sha256:a685d2e97684b275b12859f9e0b95a8f511a51a2ac51b284428c6f50f1bcfd17", size = 29705188, upload-time = "2026-08-08T02:39:08.802Z" },
    { url = "https://files.pythonhosted.org/packages/f1/54/c4848b8bc666a16dc768d89ab63b2c0f509aa1e94f292d7d6109c081da9b/rasterio-1.5.1-cp314-cp314t-macosx_14_0_arm64.whl", hash = "sha256:c361ed93cb8ceb314bf42d98815f2b6dd0254f7367d2b932435a8cf0aeaecf96", size = 23379128, upload-time = "2026-08-08T02:35:52.521Z" },
    { url = "https://files.pythonhosted.org/packages/66/3a/228a659e55c3da4bec7cdb857ad8fb201ea80a5c85a1bd1717e4c7997788/rasterio-1.5.1-cp314-cp314t-macosx_15_0_x86_64.whl", hash = "sha256:00c78697cb565e97f99deb485fc7f23f28ff30e857124872ef0c5a3e83dd7e47", size = 25062694, upload-time = "2026-08-08T02:34:44.193Z" },
    { url = "https://files.pythonhosted.org/packages/0c/59/15f99c480fffc044dde1ea8cde9c7a746997ceb639c624505f6a058e7f4b/rasterio-1.5.1-cp314-cp314t-manylinux_2_28_aarch64.whl", hash = "sha256:82719d4de76f3bafb165e932ad997b07116aa08621db079750ef1031dc514e11", size = 37417460, upload-time = "2026-08-08T02:36:52.372Z" },
    { url = "https://files.pythonhosted.org/packages/79/9a/7303424657fd71a1f8f4d17d8186de38e98e84f6fe36fe0a8660b7c918bf/rasterio-1.5.1-cp314-cp314t-manylinux_2_28_x86_64.whl", hash = "sha256:8683074903018918341908e714f792ed5d696bad441ecec1787de8eb896573cd", size = 38474098, upload-time = "2026-08-08T02:33:11.294Z" },
    { url = "https://files.pythonhosted.org/packages/2c/54/fbfa20a98485cb39b70574e3bf9bd12603ffc319f80f64e0fbada1c743bf/rasterio-1.5.1-cp314-cp314t-win_amd64.whl", hash = "sha256:c0cd79ed52481d55395f1d3def075ff45173ed07ccd238fddeb0c63522b3d137", size = 31731560, upload-time = "2026-08-08T02:38:09.629Z" },
    { url = "https://files.pythonhosted.org/packages/25/db/89bb06e64809c7644fc221895494068b23d7078509c8d070754bb01043cc/rasterio-1.5.1-cp314-cp314t-win_arm64.whl", hash = "sha256:11e2e9c68971beeec603c2613fa7740cf0a02dd026ef1aaa75d1cdf4246fbde6", size = 29788520, upload-time = "2026-08-08T02:39:15.126Z" },
    { url = "https://files.pythonhosted.org/packages/a6/77/c639c0fc46d775d47e70e0bec4af549313509dfcfbeaffdb903c16859f0e/rasterio-1.5.1-cp315-cp315-macosx_14_0_arm64.whl", hash = "sha256:3aa1a3441587341b78558b5359aa5d2694b45a911d7b5df23af726420e420bce", size = 23239908, upload-time = "2026-08-08T02:35:59.075Z" },
    { url = "https://files.pythonhosted.org/packages/e9/e9/ab1d83a84cae5514606dfba896761f02086db5af0f07b811e70e9b4ed23d/rasterio-1.5.1-cp315-cp315-macosx_15_0_x86_64.whl", hash = "sha256:60d74d11f290510639046c447256085eae0a925acdfe07e37f7436fb97cb9f46", size = 24951595, upload-time = "2026-08-08T02:34:49.352Z" },
    { url = "https://files.pythonhosted.org/packages/51/5d/2c8f4d8bb0582b7dac694413892af901f14a4526a8a9f46d28cfb36b8d0b/rasterio-1.5.1-cp315-cp315-manylinux_2_28_aarch64.whl", hash = "sha256:5933e56b15ef29fcbec370a2e0b5ac39b33023d85a3f5b01cdf0cbe4231c6204", size = 36816241, upload-time = "2026-08-08T02:37:00.822Z" },
    { url = "https://files.pythonhosted.org/packages/0a/93/f39df98b09524d0b44fdc54722e3b044fbf6620723415eef241760b5ffdb/rasterio-1.5.1-cp315-cp315-manylinux_2_28_x86_64.whl", hash = "sha256:01f927ee7ef08cbc111b34092df266308fd2c64fad2e21a97c991973eb8e0c25", size = 38221966, upload-time = "2026-08-08T02:33:19.142Z" },
    { url = "https://files.pythonhosted.org/packages/16/a2/d6eb95f239878d2a964a1cf2785378626c7cf4431ce2f54bc3b0210c0a6f/rasterio-1.5.1-cp315-cp315-win_amd64.whl", hash = "sha256:55e18b8a6a7f4a9769942d48a1545c5a97920cf841fe5e4099032ba855bdf95c", size = 31446344, upload-time = "2026-08-08T02:38:15.559Z" },
    { url = "https://files.pythonhosted.org/packages/87/7c/5f390f8e9fa17cf55c62558dd3a08adfc1cbe7216f2718e8edf5caadab72/rasterio-1.5.1-cp315-cp315t-macosx_14_0_arm64.whl", hash = "sha256:94ae0fe4c0eb031da99614a1a1cd27819f900f86bc84976cd9f713eee05584a3", size = 23378528, upload-time = "2026-08-08T02:36:04.295Z" },
    { url = "https://files.pythonhosted.org/packages/eb/cd/788c62b2f5764f81d9906d3ec15dfc4ba4535487e2dd9f6f46d2151e495c/rasterio-1.5.1-cp315-cp315t-macosx_15_0_x86_64.whl", hash = "sha256:bf5d2cf43791651522fedb284cc08398f96fecc018dff24d7fc97965c909ab3a", size = 25060703, upload-time = "2026-08-08T02:34:53.961Z" },
    { url = "https://files.pythonhosted.org/packages/59/d2/13f9d16f2cfd4e163973bff03dc730d21d1b6ebdcfc6bf8c4eca1e9ec746/rasterio-1.5.1-cp315-cp315t-manylinux_2_28_aarch64.whl", hash = "sha256:e4ea970d39f0b134fc91141d767b3c49bc2dea38a32f0b036fbdd5ec2e8ca457", size = 37369002, upload-time = "2026-08-08T02:37:08.127Z" },
    { url = "https://files.pythonhosted.org/packages/ed/20/8a44acb103a9f6a5a0f605d4c8825a2de26ea5420b561b4a23b9da864f6a/rasterio-1.5.1-cp315-cp315t-manylinux_2_28_x86_64.whl", hash = "sha256:fbb933659035f0aca32e4dc0dc022c7162b4f6598b15366c5b19b4a7e65c1991", size = 38538441, upload-time = "2026-08-08T02:33:26.991Z" },
    { url = "https://files.pythonhosted.org/packages/12/3f/aa7fd1beda974c7e2ded73abdbc3978c7d60165ee70c0ee29c0ebef22a8b/rasterio-1.5.1-cp315-cp315t-win_amd64.whl", hash = "sha256:ac450a2c1e6de990eaaee347ebceca160b1531c9f13c5db489d0e3113ea13984", size = 31728213, upload-time = "2026-08-08T02:38:21.338Z" },
]

[[package]]
name = "shapely"
version = "2.1.2"
source = { registry = "https://pypi.org/simple" }
dependencies = [
    { name = "numpy" },
]
sdist = { url = "https://files.pythonhosted.org/packages/4d/bc/0989043118a27cccb4e906a46b7565ce36ca7b57f5a18b78f4f1b0f72d9d/shapely-2.1.2.tar.gz", hash = "sha256:2ed4ecb28320a433db18a5bf029986aa8afcfd740745e78847e330d5d94922a9", size = 315489, upload-time = "2025-09-24T13:51:41.432Z" }
wheels = [
    { url = "https://files.pythonhosted.org/packages/fc/c4/3ce4c2d9b6aabd27d26ec988f08cb877ba9e6e96086eff81bfea93e688c7/shapely-2.1.2-cp314-cp314-macosx_10_13_x86_64.whl", hash = "sha256:9a522f460d28e2bf4e12396240a5fc1518788b2fcd73535166d748399ef0c223", size = 1831290, upload-time = "2025-09-24T13:51:13.56Z" },
    { url = "https://files.pythonhosted.org/packages/17/b9/f6ab8918fc15429f79cb04afa9f9913546212d7fb5e5196132a2af46676b/shapely-2.1.2-cp314-cp314-macosx_11_0_arm64.whl", hash = "sha256:1ff629e00818033b8d71139565527ced7d776c269a49bd78c9df84e8f852190c", size = 1641463, upload-time = "2025-09-24T13:51:14.972Z" },
    { url = "https://files.pythonhosted.org/packages/a5/57/91d59ae525ca641e7ac5551c04c9503aee6f29b92b392f31790fcb1a4358/shapely-2.1.2-cp314-cp314-manylinux2014_aarch64.manylinux_2_17_aarch64.whl", hash = "sha256:f67b34271dedc3c653eba4e3d7111aa421d5be9b4c4c7d38d30907f796cb30df", size = 2970145, upload-time = "2025-09-24T13:51:16.961Z" },
    { url = "https://files.pythonhosted.org/packages/8a/cb/4948be52ee1da6927831ab59e10d4c29baa2a714f599f1f0d1bc747f5777/shapely-2.1.2-cp314-cp314-manylinux2014_x86_64.manylinux_2_17_x86_64.whl", hash = "sha256:21952dc00df38a2c28375659b07a3979d22641aeb104751e769c3ee825aadecf", size = 3073806, upload-time = "2025-09-24T13:51:18.712Z" },
    { url = "https://files.pythonhosted.org/packages/03/83/f768a54af775eb41ef2e7bec8a0a0dbe7d2431c3e78c0a8bdba7ab17e446/shapely-2.1.2-cp314-cp314-musllinux_1_2_aarch64.whl", hash = "sha256:1f2f33f486777456586948e333a56ae21f35ae273be99255a191f5c1fa302eb4", size = 3980803, upload-time = "2025-09-24T13:51:20.37Z" },
    { url = "https://files.pythonhosted.org/packages/9f/cb/559c7c195807c91c79d38a1f6901384a2878a76fbdf3f1048893a9b7534d/shapely-2.1.2-cp314-cp314-musllinux_1_2_x86_64.whl", hash = "sha256:cf831a13e0d5a7eb519e96f58ec26e049b1fad411fc6fc23b162a7ce04d9cffc", size = 4133301, upload-time = "2025-09-24T13:51:21.887Z" },
    { url = "https://files.pythonhosted.org/packages/80/cd/60d5ae203241c53ef3abd2ef27c6800e21afd6c94e39db5315ea0cbafb4a/shapely-2.1.2-cp314-cp314-win32.whl", hash = "sha256:61edcd8d0d17dd99075d320a1dd39c0cb9616f7572f10ef91b4b5b00c4aeb566", size = 1583247, upload-time = "2025-09-24T13:51:23.401Z" },
    { url = "https://files.pythonhosted.org/packages/74/d4/135684f342e909330e50d31d441ace06bf83c7dc0777e11043f99167b123/shapely-2.1.2-cp314-cp314-win_amd64.whl", hash = "sha256:a444e7afccdb0999e203b976adb37ea633725333e5b119ad40b1ca291ecf311c", size = 1773019, upload-time = "2025-09-24T13:51:24.873Z" },
    { url = "https://files.pythonhosted.org/packages/a3/05/a44f3f9f695fa3ada22786dc9da33c933da1cbc4bfe876fe3a100bafe263/shapely-2.1.2-cp314-cp314t-macosx_10_13_x86_64.whl", hash = "sha256:5ebe3f84c6112ad3d4632b1fd2290665aa75d4cef5f6c5d77c4c95b324527c6a", size = 1834137, upload-time = "2025-09-24T13:51:26.665Z" },
    { url = "https://files.pythonhosted.org/packages/52/7e/4d57db45bf314573427b0a70dfca15d912d108e6023f623947fa69f39b72/shapely-2.1.2-cp314-cp314t-macosx_11_0_arm64.whl", hash = "sha256:5860eb9f00a1d49ebb14e881f5caf6c2cf472c7fd38bd7f253bbd34f934eb076", size = 1642884, upload-time = "2025-09-24T13:51:28.029Z" },
    { url = "https://files.pythonhosted.org/packages/5a/27/4e29c0a55d6d14ad7422bf86995d7ff3f54af0eba59617eb95caf84b9680/shapely-2.1.2-cp314-cp314t-manylinux2014_aarch64.manylinux_2_17_aarch64.whl", hash = "sha256:b705c99c76695702656327b819c9660768ec33f5ce01fa32b2af62b56ba400a1", size = 3018320, upload-time = "2025-09-24T13:51:29.903Z" },
    { url = "https://files.pythonhosted.org/packages/9f/bb/992e6a3c463f4d29d4cd6ab8963b75b1b1040199edbd72beada4af46bde5/shapely-2.1.2-cp314-cp314t-manylinux2014_x86_64.manylinux_2_17_x86_64.whl", hash = "sha256:a1fd0ea855b2cf7c9cddaf25543e914dd75af9de08785f20ca3085f2c9ca60b0", size = 3094931, upload-time = "2025-09-24T13:51:32.699Z" },
    { url = "https://files.pythonhosted.org/packages/9c/16/82e65e21070e473f0ed6451224ed9fa0be85033d17e0c6e7213a12f59d12/shapely-2.1.2-cp314-cp314t-musllinux_1_2_aarch64.whl", hash = "sha256:df90e2db118c3671a0754f38e36802db75fe0920d211a27481daf50a711fdf26", size = 4030406, upload-time = "2025-09-24T13:51:34.189Z" },
    { url = "https://files.pythonhosted.org/packages/7c/75/c24ed871c576d7e2b64b04b1fe3d075157f6eb54e59670d3f5ffb36e25c7/shapely-2.1.2-cp314-cp314t-musllinux_1_2_x86_64.whl", hash = "sha256:361b6d45030b4ac64ddd0a26046906c8202eb60d0f9f53085f5179f1d23021a0", size = 4169511, upload-time = "2025-09-24T13:51:36.297Z" },
    { url = "https://files.pythonhosted.org/packages/b1/f7/b3d1d6d18ebf55236eec1c681ce5e665742aab3c0b7b232720a7d43df7b6/shapely-2.1.2-cp314-cp314t-win32.whl", hash = "sha256:b54df60f1fbdecc8ebc2c5b11870461a6417b3d617f555e5033f1505d36e5735", size = 1602607, upload-time = "2025-09-24T13:51:37.757Z" },
    { url = "https://files.pythonhosted.org/packages/9a/f6/f09272a71976dfc138129b8faf435d064a811ae2f708cb147dccdf7aacdb/shapely-2.1.2-cp314-cp314t-win_amd64.whl", hash = "sha256:0036ac886e0923417932c2e6369b6c52e38e0ff5d9120b90eef5cd9a5fc5cae9", size = 1796682, upload-time = "2025-09-24T13:51:39.233Z" },
]

[[package]]
name = "tqdm"
version = "4.70.1"
source = { registry = "https://pypi.org/simple" }
dependencies = [
    { name = "colorama", marker = "sys_platform == 'win32'" },
]
sdist = { url = "https://files.pythonhosted.org/packages/0d/ea/b2a5bd54b28a324dae8211928b2d730b6547500342c7e6c6dea08bd0a485/tqdm-4.70.1.tar.gz", hash = "sha256:cefd0eca11b2a37a3aee776544d4f4ae913f02688135b5556b8788dfa474afc4", size = 171846, upload-time = "2026-09-11T07:25:16.601Z" }
wheels = [
    { url = "https://files.pythonhosted.org/packages/a7/03/921a3d3c75785aca9ebfbfcabfbc3a1be12e2ab5265deb026d55a5a3f83e/tqdm-4.70.1-py3-none-any.whl", hash = "sha256:c293e525e6fef9c20e8728fd4612df02a0aa31bb5fe91ecd93e123b1b7bffa73", size = 80199, upload-time = "2026-09-11T07:25:14.599Z" },
]
